// !$*UTF8*$!
{
	archiveVersion = 1;
	classes = {
	};
	objectVersion = 50;
	objects = {

/* Begin PBXBuildFile section */
		B3F55ED222F6CFCB0066592F /* AppDelegate.swift in Sources */ = {isa = PBXBuildFile; fileRef = B3F55ED122F6CFCB0066592F /* AppDelegate.swift */; };
		B3F55ED422F6CFCB0066592F /* ViewController.swift in Sources */ = {isa = PBXBuildFile; fileRef = B3F55ED322F6CFCB0066592F /* ViewController.swift */; };
		B3F55ED722F6CFCB0066592F /* Main.storyboard in Resources */ = {isa = PBXBuildFile; fileRef = B3F55ED522F6CFCB0066592F /* Main.storyboard */; };
		B3F55ED922F6CFCC0066592F /* Assets.xcassets in Resources */ = {isa = PBXBuildFile; fileRef = B3F55ED822F6CFCC0066592F /* Assets.xcassets */; };
		B3F55EDC22F6CFCC0066592F /* LaunchScreen.storyboard in Resources */ = {isa = PBXBuildFile; fileRef = B3F55EDA22F6CFCC0066592F /* LaunchScreen.storyboard */; };
		B3F55EE722F6CFCC0066592F /* othelloTests.swift in Sources */ = {isa = PBXBuildFile; fileRef = B3F55EE622F6CFCC0066592F /* othelloTests.swift */; };
		B3F55EF222F6CFCC0066592F /* othelloUITests.swift in Sources */ = {isa = PBXBuildFile; fileRef = B3F55EF122F6CFCC0066592F /* othelloUITests.swift */; };
/* End PBXBuildFile section */

/* Begin PBXContainerItemProxy section */
		B3F55EE322F6CFCC0066592F /* PBXContainerItemProxy */ = {
			isa = PBXContainerItemProxy;
			containerPortal = B3F55EC622F6CFCB0066592F /* Project object */;
			proxyType = 1;
			remoteGlobalIDString = B3F55ECD22F6CFCB0066592F;
			remoteInfo = othello;
		};
		B3F55EEE22F6CFCC0066592F /* PBXContainerItemProxy */ = {
			isa = PBXContainerItemProxy;
			containerPortal = B3F55EC622F6CFCB0066592F /* Project object */;
			proxyType = 1;
			remoteGlobalIDString = B3F55ECD22F6CFCB0066592F;
			remoteInfo = othello;
		};
/* End PBXContainerItemProxy section */

/* Begin PBXFileReference section */
		B3F55ECE22F6CFCB0066592F /* othello.app */ = {isa = PBXFileReference; explicitFileType = wrapper.application; includeInIndex = 0; path = othello.app; sourceTree = BUILT_PRODUCTS_DIR; };
		B3F55ED122F6CFCB0066592F /* AppDelegate.swift */ = {isa = PBXFileReference; lastKnownFileType = sourcecode.swift; path = AppDelegate.swift; sourceTree = "<group>"; };
		B3F55ED322F6CFCB0066592F /* ViewController.swift */ = {isa = PBXFileReference; lastKnownFileType = sourcecode.swift; path = ViewController.swift; sourceTree = "<group>"; };
		B3F55ED622F6CFCB0066592F /* Base */ = {isa = PBXFileReference; lastKnownFileType = file.storyboard; name = Base; path = Base.lproj/Main.storyboard; sourceTree = "<group>"; };
		B3F55ED822F6CFCC0066592F /* Assets.xcassets */ = {isa = PBXFileReference; lastKnownFileType = folder.assetcatalog; path = Assets.xcassets; sourceTree = "<group>"; };
		B3F55EDB22F6CFCC0066592F /* Base */ = {isa = PBXFileReference; lastKnownFileType = file.storyboard; name = Base; path = Base.lproj/LaunchScreen.storyboard; sourceTree = "<group>"; };
		B3F55EDD22F6CFCC0066592F /* Info.plist */ = {isa = PBXFileReference; lastKnownFileType = text.plist.xml; path = Info.plist; sourceTree = "<group>"; };
		B3F55EE222F6CFCC0066592F /* othelloTests.xctest */ = {isa = PBXFileReference; explicitFileType = wrapper.cfbundle; includeInIndex = 0; path = othelloTests.xctest; sourceTree = BUILT_PRODUCTS_DIR; };
		B3F55EE622F6CFCC0066592F /* othelloTests.swift */ = {isa = PBXFileReference; lastKnownFileType = sourcecode.swift; path = othelloTests.swift; sourceTree = "<group>"; };
		B3F55EE822F6CFCC0066592F /* Info.plist */ = {isa = PBXFileReference; lastKnownFileType = text.plist.xml; path = Info.plist; sourceTree = "<group>"; };
		B3F55EED22F6CFCC0066592F /* othelloUITests.xctest */ = {isa = PBXFileReference; explicitFileType = wrapper.cfbundle; includeInIndex = 0; path = othelloUITests.xctest; sourceTree = BUILT_PRODUCTS_DIR; };
		B3F55EF122F6CFCC0066592F /* othelloUITests.swift */ = {isa = PBXFileReference; lastKnownFileType = sourcecode.swift; path = othelloUITests.swift; sourceTree = "<group>"; };
		B3F55EF322F6CFCC0066592F /* Info.plist */ = {isa = PBXFileReference; lastKnownFileType = text.plist.xml; path = Info.plist; sourceTree = "<group>"; };
/* End PBXFileReference section */

/* Begin PBXFrameworksBuildPhase section */
		B3F55ECB22F6CFCB0066592F /* Frameworks */ = {
			isa = PBXFrameworksBuildPhase;
			buildActionMask = 2147483647;
			files = (
			);
			runOnlyForDeploymentPostprocessing = 0;
		};
		B3F55EDF22F6CFCC0066592F /* Frameworks */ = {
			isa = PBXFrameworksBuildPhase;
			buildActionMask = 2147483647;
			files = (
			);
			runOnlyForDeploymentPostprocessing = 0;
		};
		B3F55EEA22F6CFCC0066592F /* Frameworks */ = {
			isa = PBXFrameworksBuildPhase;
			buildActionMask = 2147483647;
			files = (
			);
			runOnlyForDeploymentPostprocessing = 0;
		};
/* End PBXFrameworksBuildPhase section */

/* Begin PBXGroup section */
		B3F55EC522F6CFCB0066592F = {
			isa = PBXGroup;
			children = (
				B3F55ED022F6CFCB0066592F /* othello */,
				B3F55EE522F6CFCC0066592F /* othelloTests */,
				B3F55EF022F6CFCC0066592F /* othelloUITests */,
				B3F55ECF22F6CFCB0066592F /* Products */,
			);
			sourceTree = "<group>";
		};
		B3F55ECF22F6CFCB0066592F /* Products */ = {
			isa = PBXGroup;
			children = (
				B3F55ECE22F6CFCB0066592F /* othello.app */,
				B3F55EE222F6CFCC0066592F /* othelloTests.xctest */,
				B3F55EED22F6CFCC0066592F /* othelloUITests.xctest */,
			);
			name = Products;
			sourceTree = "<group>";
		};
		B3F55ED022F6CFCB0066592F /* othello */ = {
			isa = PBXGroup;
			children = (
				B3F55ED122F6CFCB0066592F /* AppDelegate.swift */,
				B3F55ED322F6CFCB0066592F /* ViewController.swift */,
				B3F55ED522F6CFCB0066592F /* Main.storyboard */,
				B3F55ED822F6CFCC0066592F /* Assets.xcassets */,
				B3F55EDA22F6CFCC0066592F /* LaunchScreen.storyboard */,
				B3F55EDD22F6CFCC0066592F /* Info.plist */,
			);
			path = othello;
			sourceTree = "<group>";
		};
		B3F55EE522F6CFCC0066592F /* othelloTests */ = {
			isa = PBXGroup;
			children = (
				B3F55EE622F6CFCC0066592F /* othelloTests.swift */,
				B3F55EE822F6CFCC0066592F /* Info.plist */,
			);
			path = othelloTests;
			sourceTree = "<group>";
		};
		B3F55EF022F6CFCC0066592F /* othelloUITests */ = {
			isa = PBXGroup;
			children = (
				B3F55EF122F6CFCC0066592F /* othelloUITests.swift */,
				B3F55EF322F6CFCC0066592F /* Info.plist */,
			);
			path = othelloUITests;
			sourceTree = "<group>";
		};
/* End PBXGroup section */

/* Begin PBXNativeTarget section */
		B3F55ECD22F6CFCB0066592F /* othello */ = {
			isa = PBXNativeTarget;
			buildConfigurationList = B3F55EF622F6CFCC0066592F /* Build configuration list for PBXNativeTarget "othello" */;
			buildPhases = (
				B3F55ECA22F6CFCB0066592F /* Sources */,
				B3F55ECB22F6CFCB0066592F /* Frameworks */,
				B3F55ECC22F6CFCB0066592F /* Resources */,
			);
			buildRules = (
			);
			dependencies = (
			);
			name = othello;
			productName = othello;
			productReference = B3F55ECE22F6CFCB0066592F /* othello.app */;
			productType = "com.apple.product-type.application";
		};
		B3F55EE122F6CFCC0066592F /* othelloTests */ = {
			isa = PBXNativeTarget;
			buildConfigurationList = B3F55EF922F6CFCC0066592F /* Build configuration list for PBXNativeTarget "othelloTests" */;
			buildPhases = (
				B3F55EDE22F6CFCC0066592F /* Sources */,
				B3F55EDF22F6CFCC0066592F /* Frameworks */,
				B3F55EE022F6CFCC0066592F /* Resources */,
			);
			buildRules = (
			);
			dependencies = (
				B3F55EE422F6CFCC0066592F /* PBXTargetDependency */,
			);
			name = othelloTests;
			productName = othelloTests;
			productReference = B3F55EE222F6CFCC0066592F /* othelloTests.xctest */;
			productType = "com.apple.product-type.bundle.unit-test";
		};
		B3F55EEC22F6CFCC0066592F /* othelloUITests */ = {
			isa = PBXNativeTarget;
			buildConfigurationList = B3F55EFC22F6CFCC0066592F /* Build configuration list for PBXNativeTarget "othelloUITests" */;
			buildPhases = (
				B3F55EE922F6CFCC0066592F /* Sources */,
				B3F55EEA22F6CFCC0066592F /* Frameworks */,
				B3F55EEB22F6CFCC0066592F /* Resources */,
			);
			buildRules = (
			);
			dependencies = (
				B3F55EEF22F6CFCC0066592F /* PBXTargetDependency */,
			);
			name = othelloUITests;
			productName = othelloUITests;
			productReference = B3F55EED22F6CFCC0066592F /* othelloUITests.xctest */;
			productType = "com.apple.product-type.bundle.ui-testing";
		};
/* End PBXNativeTarget section */

/* Begin PBXProject section */
		B3F55EC622F6CFCB0066592F /* Project object */ = {
			isa = PBXProject;
			attributes = {
				LastSwiftUpdateCheck = 1020;
				LastUpgradeCheck = 1020;
				ORGANIZATIONNAME = "五十嵐 龍吉";
				TargetAttributes = {
					B3F55ECD22F6CFCB0066592F = {
						CreatedOnToolsVersion = 10.2.1;
					};
					B3F55EE122F6CFCC0066592F = {
						CreatedOnToolsVersion = 10.2.1;
						TestTargetID = B3F55ECD22F6CFCB0066592F;
					};
					B3F55EEC22F6CFCC0066592F = {
						CreatedOnToolsVersion = 10.2.1;
						TestTargetID = B3F55ECD22F6CFCB0066592F;
					};
				};
			};
			buildConfigurationList = B3F55EC922F6CFCB0066592F /* Build configuration list for PBXProject "othello" */;
			compatibilityVersion = "Xcode 9.3";
			developmentRegion = en;
			hasScannedForEncodings = 0;
			knownRegions = (
				en,
				Base,
			);
			mainGroup = B3F55EC522F6CFCB0066592F;
			productRefGroup = B3F55ECF22F6CFCB0066592F /* Products */;
			projectDirPath = "";
			projectRoot = "";
			targets = (
				B3F55ECD22F6CFCB0066592F /* othello */,
				B3F55EE122F6CFCC0066592F /* othelloTests */,
				B3F55EEC22F6CFCC0066592F /* othelloUITests */,
			);
		};
/* End PBXProject section */

/* Begin PBXResourcesBuildPhase section */
		B3F55ECC22F6CFCB0066592F /* Resources */ = {
			isa = PBXResourcesBuildPhase;
			buildActionMask = 2147483647;
			files = (
				B3F55EDC22F6CFCC0066592F /* LaunchScreen.storyboard in Resources */,
				B3F55ED922F6CFCC0066592F /* Assets.xcassets in Resources */,
				B3F55ED722F6CFCB0066592F /* Main.storyboard in Resources */,
			);
			runOnlyForDeploymentPostprocessing = 0;
		};
		B3F55EE022F6CFCC0066592F /* Resources */ = {
			isa = PBXResourcesBuildPhase;
			buildActionMask = 2147483647;
			files = (
			);
			runOnlyForDeploymentPostprocessing = 0;
		};
		B3F55EEB22F6CFCC0066592F /* Resources */ = {
			isa = PBXResourcesBuildPhase;
			buildActionMask = 2147483647;
			files = (
			);
			runOnlyForDeploymentPostprocessing = 0;
		};
/* End PBXResourcesBuildPhase section */

/* Begin PBXSourcesBuildPhase section */
		B3F55ECA22F6CFCB0066592F /* Sources */ = {
			isa = PBXSourcesBuildPhase;
			buildActionMask = 2147483647;
			files = (
				B3F55ED422F6CFCB0066592F /* ViewController.swift in Sources */,
				B3F55ED222F6CFCB0066592F /* AppDelegate.swift in Sources */,
			);
			runOnlyForDeploymentPostprocessing = 0;
		};
		B3F55EDE22F6CFCC0066592F /* Sources */ = {
			isa = PBXSourcesBuildPhase;
			buildActionMask = 2147483647;
			files = (
				B3F55EE722F6CFCC0066592F /* othelloTests.swift in Sources */,
			);
			runOnlyForDeploymentPostprocessing = 0;
		};
		B3F55EE922F6CFCC0066592F /* Sources */ = {
			isa = PBXSourcesBuildPhase;
			buildActionMask = 2147483647;
			files = (
				B3F55EF222F6CFCC0066592F /* othelloUITests.swift in Sources */,
			);
			runOnlyForDeploymentPostprocessing = 0;
		};
/* End PBXSourcesBuildPhase section */

/* Begin PBXTargetDependency section */
		B3F55EE422F6CFCC0066592F /* PBXTargetDependency */ = {
			isa = PBXTargetDependency;
			target = B3F55ECD22F6CFCB0066592F /* othello */;
			targetProxy = B3F55EE322F6CFCC0066592F /* PBXContainerItemProxy */;
		};
		B3F55EEF22F6CFCC0066592F /* PBXTargetDependency */ = {
			isa = PBXTargetDependency;
			target = B3F55ECD22F6CFCB0066592F /* othello */;
			targetProxy = B3F55EEE22F6CFCC0066592F /* PBXContainerItemProxy */;
		};
/* End PBXTargetDependency section */

/* Begin PBXVariantGroup section */
		B3F55ED522F6CFCB0066592F /* Main.storyboard */ = {
			isa = PBXVariantGroup;
			children = (
				B3F55ED622F6CFCB0066592F /* Base */,
			);
			name = Main.storyboard;
			sourceTree = "<group>";
		};
		B3F55EDA22F6CFCC0066592F /* LaunchScreen.storyboard */ = {
			isa = PBXVariantGroup;
			children = (
				B3F55EDB22F6CFCC0066592F /* Base */,
			);
			name = LaunchScreen.storyboard;
			sourceTree = "<group>";
		};
/* End PBXVariantGroup section */

/* Begin XCBuildConfiguration section */
		B3F55EF422F6CFCC0066592F /* Debug */ = {
			isa = XCBuildConfiguration;
			buildSettings = {
				ALWAYS_SEARCH_USER_PATHS = NO;
				CLANG_ANALYZER_NONNULL = YES;
				CLANG_ANALYZER_NUMBER_OBJECT_CONVERSION = YES_AGGRESSIVE;
				CLANG_CXX_LANGUAGE_STANDARD = "gnu++14";
				CLANG_CXX_LIBRARY = "libc++";
				CLANG_ENABLE_MODULES = YES;
				CLANG_ENABLE_OBJC_ARC = YES;
				CLANG_ENABLE_OBJC_WEAK = YES;
				CLANG_WARN_BLOCK_CAPTURE_AUTORELEASING = YES;
				CLANG_WARN_BOOL_CONVERSION = YES;
				CLANG_WARN_COMMA = YES;
				CLANG_WARN_CONSTANT_CONVERSION = YES;
				CLANG_WARN_DEPRECATED_OBJC_IMPLEMENTATIONS = YES;
				CLANG_WARN_DIRECT_OBJC_ISA_USAGE = YES_ERROR;
				CLANG_WARN_DOCUMENTATION_COMMENTS = YES;
				CLANG_WARN_EMPTY_BODY = YES;
				CLANG_WARN_ENUM_CONVERSION = YES;
				CLANG_WARN_INFINITE_RECURSION = YES;
				CLANG_WARN_INT_CONVERSION = YES;
				CLANG_WARN_NON_LITERAL_NULL_CONVERSION = YES;
				CLANG_WARN_OBJC_IMPLICIT_RETAIN_SELF = YES;
				CLANG_WARN_OBJC_LITERAL_CONVERSION = YES;
				CLANG_WARN_OBJC_ROOT_CLASS = YES_ERROR;
				CLANG_WARN_RANGE_LOOP_ANALYSIS = YES;
				CLANG_WARN_STRICT_PROTOTYPES = YES;
				CLANG_WARN_SUSPICIOUS_MOVE = YES;
				CLANG_WARN_UNGUARDED_AVAILABILITY = YES_AGGRESSIVE;
				CLANG_WARN_UNREACHABLE_CODE = YES;
				CLANG_WARN__DUPLICATE_METHOD_MATCH = YES;
				CODE_SIGN_IDENTITY = "iPhone Developer";
				COPY_PHASE_STRIP = NO;
				DEBUG_INFORMATION_FORMAT = dwarf;
				ENABLE_STRICT_OBJC_MSGSEND = YES;
				ENABLE_TESTABILITY = YES;
				GCC_C_LANGUAGE_STANDARD = gnu11;
				GCC_DYNAMIC_NO_PIC = NO;
				GCC_NO_COMMON_BLOCKS = YES;
				GCC_OPTIMIZATION_LEVEL = 0;
				GCC_PREPROCESSOR_DEFINITIONS = (
					"DEBUG=1",
					"$(inherited)",
				);
				GCC_WARN_64_TO_32_BIT_CONVERSION = YES;
				GCC_WARN_ABOUT_RETURN_TYPE = YES_ERROR;
				GCC_WARN_UNDECLARED_SELECTOR = YES;
				GCC_WARN_UNINITIALIZED_AUTOS = YES_AGGRESSIVE;
				GCC_WARN_UNUSED_FUNCTION = YES;
				GCC_WARN_UNUSED_VARIABLE = YES;
				IPHONEOS_DEPLOYMENT_TARGET = 12.2;
				MTL_ENABLE_DEBUG_INFO = INCLUDE_SOURCE;
				MTL_FAST_MATH = YES;
				ONLY_ACTIVE_ARCH = YES;
				SDKROOT = iphoneos;
				SWIFT_ACTIVE_COMPILATION_CONDITIONS = DEBUG;
				SWIFT_OPTIMIZATION_LEVEL = "-Onone";
			};
			name = Debug;
		};
		B3F55EF522F6CFCC0066592F /* Release */ = {
			isa = XCBuildConfiguration;
			buildSettings = {
				ALWAYS_SEARCH_USER_PATHS = NO;
				CLANG_ANALYZER_NONNULL = YES;
				CLANG_ANALYZER_NUMBER_OBJECT_CONVERSION = YES_AGGRESSIVE;
				CLANG_CXX_LANGUAGE_STANDARD = "gnu++14";
				CLANG_CXX_LIBRARY = "libc++";
				CLANG_ENABLE_MODULES = YES;
				CLANG_ENABLE_OBJC_ARC = YES;
				CLANG_ENABLE_OBJC_WEAK = YES;
				CLANG_WARN_BLOCK_CAPTURE_AUTORELEASING = YES;
				CLANG_WARN_BOOL_CONVERSION = YES;
				CLANG_WARN_COMMA = YES;
				CLANG_WARN_CONSTANT_CONVERSION = YES;
				CLANG_WARN_DEPRECATED_OBJC_IMPLEMENTATIONS = YES;
				CLANG_WARN_DIRECT_OBJC_ISA_USAGE = YES_ERROR;
				CLANG_WARN_DOCUMENTATION_COMMENTS = YES;
				CLANG_WARN_EMPTY_BODY = YES;
				CLANG_WARN_ENUM_CONVERSION = YES;
				CLANG_WARN_INFINITE_RECURSION = YES;
				CLANG_WARN_INT_CONVERSION = YES;
				CLANG_WARN_NON_LITERAL_NULL_CONVERSION = YES;
				CLANG_WARN_OBJC_IMPLICIT_RETAIN_SELF = YES;
				CLANG_WARN_OBJC_LITERAL_CONVERSION = YES;
				CLANG_WARN_OBJC_ROOT_CLASS = YES_ERROR;
				CLANG_WARN_RANGE_LOOP_ANALYSIS = YES;
				CLANG_WARN_STRICT_PROTOTYPES = YES;
				CLANG_WARN_SUSPICIOUS_MOVE = YES;
				CLANG_WARN_UNGUARDED_AVAILABILITY = YES_AGGRESSIVE;
				CLANG_WARN_UNREACHABLE_CODE = YES;
				CLANG_WARN__DUPLICATE_METHOD_MATCH = YES;
				CODE_SIGN_IDENTITY = "iPhone Developer";
				COPY_PHASE_STRIP = NO;
				DEBUG_INFORMATION_FORMAT = "dwarf-with-dsym";
				ENABLE_NS_ASSERTIONS = NO;
				ENABLE_STRICT_OBJC_MSGSEND = YES;
				GCC_C_LANGUAGE_STANDARD = gnu11;
				GCC_NO_COMMON_BLOCKS = YES;
				GCC_WARN_64_TO_32_BIT_CONVERSION = YES;
				GCC_WARN_ABOUT_RETURN_TYPE = YES_ERROR;
				GCC_WARN_UNDECLARED_SELECTOR = YES;
				GCC_WARN_UNINITIALIZED_AUTOS = YES_AGGRESSIVE;
				GCC_WARN_UNUSED_FUNCTION = YES;
				GCC_WARN_UNUSED_VARIABLE = YES;
				IPHONEOS_DEPLOYMENT_TARGET = 12.2;
				MTL_ENABLE_DEBUG_INFO = NO;
				MTL_FAST_MATH = YES;
				SDKROOT = iphoneos;
				SWIFT_COMPILATION_MODE = wholemodule;
				SWIFT_OPTIMIZATION_LEVEL = "-O";
				VALIDATE_PRODUCT = YES;
			};
			name = Release;
		};
		B3F55EF722F6CFCC0066592F /* Debug */ = {
			isa = XCBuildConfiguration;
			buildSettings = {
				ASSETCATALOG_COMPILER_APPICON_NAME = AppIcon;
				CODE_SIGN_STYLE = Automatic;
				DEVELOPMENT_TEAM = Y2LLGQNLBA;
				INFOPLIST_FILE = othello/Info.plist;
				LD_RUNPATH_SEARCH_PATHS = (
					"$(inherited)",
					"@executable_path/Frameworks",
				);
				PRODUCT_BUNDLE_IDENTIFIER = fifty.othello;
				PRODUCT_NAME = "$(TARGET_NAME)";
				SWIFT_VERSION = 5.0;
				TARGETED_DEVICE_FAMILY = "1,2";
			};
			name = Debug;
		};
		B3F55EF822F6CFCC0066592F /* Release */ = {
			isa = XCBuildConfiguration;
			buildSettings = {
				ASSETCATALOG_COMPILER_APPICON_NAME = AppIcon;
				CODE_SIGN_STYLE = Automatic;
				DEVELOPMENT_TEAM = Y2LLGQNLBA;
				INFOPLIST_FILE = othello/Info.plist;
				LD_RUNPATH_SEARCH_PATHS = (
					"$(inherited)",
					"@executable_path/Frameworks",
				);
				PRODUCT_BUNDLE_IDENTIFIER = fifty.othello;
				PRODUCT_NAME = "$(TARGET_NAME)";
				SWIFT_VERSION = 5.0;
				TARGETED_DEVICE_FAMILY = "1,2";
			};
			name = Release;
		};
		B3F55EFA22F6CFCC0066592F /* Debug */ = {
			isa = XCBuildConfiguration;
			buildSettings = {
				ALWAYS_EMBED_SWIFT_STANDARD_LIBRARIES = YES;
				BUNDLE_LOADER = "$(TEST_HOST)";
				CODE_SIGN_STYLE = Automatic;
				DEVELOPMENT_TEAM = Y2LLGQNLBA;
				INFOPLIST_FILE = othelloTests/Info.plist;
				LD_RUNPATH_SEARCH_PATHS = (
					"$(inherited)",
					"@executable_path/Frameworks",
					"@loader_path/Frameworks",
				);
				PRODUCT_BUNDLE_IDENTIFIER = fifty.othelloTests;
				PRODUCT_NAME = "$(TARGET_NAME)";
				SWIFT_VERSION = 5.0;
				TARGETED_DEVICE_FAMILY = "1,2";
				TEST_HOST = "$(BUILT_PRODUCTS_DIR)/othello.app/othello";
			};
			name = Debug;
		};
		B3F55EFB22F6CFCC0066592F /* Release */ = {
			isa = XCBuildConfiguration;
			buildSettings = {
				ALWAYS_EMBED_SWIFT_STANDARD_LIBRARIES = YES;
				BUNDLE_LOADER = "$(TEST_HOST)";
				CODE_SIGN_STYLE = Automatic;
				DEVELOPMENT_TEAM = Y2LLGQNLBA;
				INFOPLIST_FILE = othelloTests/Info.plist;
				LD_RUNPATH_SEARCH_PATHS = (
					"$(inherited)",
					"@executable_path/Frameworks",
					"@loader_path/Frameworks",
				);
				PRODUCT_BUNDLE_IDENTIFIER = fifty.othelloTests;
				PRODUCT_NAME = "$(TARGET_NAME)";
				SWIFT_VERSION = 5.0;
				TARGETED_DEVICE_FAMILY = "1,2";
				TEST_HOST = "$(BUILT_PRODUCTS_DIR)/othello.app/othello";
			};
			name = Release;
		};
		B3F55EFD22F6CFCC0066592F /* Debug */ = {
			isa = XCBuildConfiguration;
			buildSettings = {
				ALWAYS_EMBED_SWIFT_STANDARD_LIBRARIES = YES;
				CODE_SIGN_STYLE = Automatic;
				DEVELOPMENT_TEAM = Y2LLGQNLBA;
				INFOPLIST_FILE = othelloUITests/Info.plist;
				LD_RUNPATH_SEARCH_PATHS = (
					"$(inherited)",
					"@executable_path/Frameworks",
					"@loader_path/Frameworks",
				);
				PRODUCT_BUNDLE_IDENTIFIER = fifty.othelloUITests;
				PRODUCT_NAME = "$(TARGET_NAME)";
				SWIFT_VERSION = 5.0;
				TARGETED_DEVICE_FAMILY = "1,2";
				TEST_TARGET_NAME = othello;
			};
			name = Debug;
		};
		B3F55EFE22F6CFCC0066592F /* Release */ = {
			isa = XCBuildConfiguration;
			buildSettings = {
				ALWAYS_EMBED_SWIFT_STANDARD_LIBRARIES = YES;
				CODE_SIGN_STYLE = Automatic;
				DEVELOPMENT_TEAM = Y2LLGQNLBA;
				INFOPLIST_FILE = othelloUITests/Info.plist;
				LD_RUNPATH_SEARCH_PATHS = (
					"$(inherited)",
					"@executable_path/Frameworks",
					"@loader_path/Frameworks",
				);
				PRODUCT_BUNDLE_IDENTIFIER = fifty.othelloUITests;
				PRODUCT_NAME = "$(TARGET_NAME)";
				SWIFT_VERSION = 5.0;
				TARGETED_DEVICE_FAMILY = "1,2";
				TEST_TARGET_NAME = othello;
			};
			name = Release;
		};
/* End XCBuildConfiguration section */

/* Begin XCConfigurationList section */
		B3F55EC922F6CFCB0066592F /* Build configuration list for PBXProject "othello" */ = {
			isa = XCConfigurationList;
			buildConfigurations = (
				B3F55EF422F6CFCC0066592F /* Debug */,
				B3F55EF522F6CFCC0066592F /* Release */,
			);
			defaultConfigurationIsVisible = 0;
			defaultConfigurationName = Release;
		};
		B3F55EF622F6CFCC0066592F /* Build configuration list for PBXNativeTarget "othello" */ = {
			isa = XCConfigurationList;
			buildConfigurations = (
				B3F55EF722F6CFCC0066592F /* Debug */,
				B3F55EF822F6CFCC0066592F /* Release */,
			);
			defaultConfigurationIsVisible = 0;
			defaultConfigurationName = Release;
		};
		B3F55EF922F6CFCC0066592F /* Build configuration list for PBXNativeTarget "othelloTests" */ = {
			isa = XCConfigurationList;
			buildConfigurations = (
				B3F55EFA22F6CFCC0066592F /* Debug */,
				B3F55EFB22F6CFCC0066592F /* Release */,
			);
			defaultConfigurationIsVisible = 0;
			defaultConfigurationName = Release;
		};
		B3F55EFC22F6CFCC0066592F /* Build configuration list for PBXNativeTarget "othelloUITests" */ = {
			isa = XCConfigurationList;
			buildConfigurations = (
				B3F55EFD22F6CFCC0066592F /* Debug */,
				B3F55EFE22F6CFCC0066592F /* Release */,
			);
			defaultConfigurationIsVisible = 0;
			defaultConfigurationName = Release;
		};
/* End XCConfigurationList section */
	};
	rootObject = B3F55EC622F6CFCB0066592F /* Project object */;
}
